PODS:
  - Masonry (1.1.0)
  - SnapKit (5.6.0)
  - ZYFTextView (0.1.0):
    - Masonry

DEPENDENCIES:
  - SnapKit
  - ZYFTextView (from `../`)

SPEC REPOS:
  trunk:
    - Masonry
    - SnapKit

EXTERNAL SOURCES:
  ZYFTextView:
    :path: "../"

SPEC CHECKSUMS:
  Masonry: 678fab65091a9290e40e2832a55e7ab731aad201
  SnapKit: e01d52ebb8ddbc333eefe2132acf85c8227d9c25
  ZYFTextView: bfdced719b7104cd06df7ce8dfdea3c26d802b4b

PODFILE CHECKSUM: 6938de0b79921d80f56b2fe50d3a841c268b619c

COCOAPODS: 1.11.3
